
Microsoft Visual Studio Solution File, Format Version 12.00
# Visual Studio Version 16
VisualStudioVersion = 16.0.31112.23
MinimumVisualStudioVersion = 10.0.40219.1
Project("{FAE04EC0-301F-11D3-BF4B-00C04F79EFBC}") = "mysql-777", "mysql-777.csproj", "{273A779B-6FFA-4720-8F1B-05261EF07D38}"
EndProject
Global
	GlobalSection(SolutionConfigurationPlatforms) = preSolution
		Debug|Any CPU = Debug|Any CPU
		Release|Any CPU = Release|Any CPU
	EndGlobalSection
	GlobalSection(ProjectConfigurationPlatforms) = postSolution
		{273A779B-6FFA-4720-8F1B-05261EF07D38}.Debug|Any CPU.ActiveCfg = Debug|Any CPU
		{273A779B-6FFA-4720-8F1B-05261EF07D38}.Debug|Any CPU.Build.0 = Debug|Any CPU
		{273A779B-6FFA-4720-8F1B-05261EF07D38}.Release|Any CPU.ActiveCfg = Release|Any CPU
		{273A779B-6FFA-4720-8F1B-05261EF07D38}.Release|Any CPU.Build.0 = Release|Any CPU
	EndGlobalSection
	GlobalSection(SolutionProperties) = preSolution
		HideSolutionNode = FALSE
	EndGlobalSection
	GlobalSection(ExtensibilityGlobals) = postSolution
		SolutionGuid = {B11A2C6B-6E40-4984-A885-1B58807B706D}
	EndGlobalSection
EndGlobal
